PODS:
  - Alamofire (4.5.1)
  - ESPullToRefresh (2.7)
  - SnapKit (3.2.0)
  - SwiftyJSON (3.1.4)

DEPENDENCIES:
  - Alamofire (~> 4.4)
  - ESPullToRefresh
  - SnapKit (~> 3.2.0)
  - SwiftyJSON

SPEC CHECKSUMS:
  Alamofire: 2d95912bf4c34f164fdfc335872e8c312acaea4a
  ESPullToRefresh: 119e2710b82b75536aab2bbe4883ba119fca35c8
  SnapKit: 1ca44df72cfa543218d177cb8aab029d10d86ea7
  SwiftyJSON: c2842d878f95482ffceec5709abc3d05680c0220

PODFILE CHECKSUM: 865e011a3776252faab4e51df49ebdb0db20ce5a

COCOAPODS: 1.2.0
